// !$*UTF8*$!
{
	archiveVersion = 1;
	classes = {
	};
	objectVersion = 56;
	objects = {

/* Begin PBXBuildFile section */
		0445DC6F2C8F3FFB00416527 /* MyListItemsHeaderView.swift in Sources */ = {isa = PBXBuildFile; fileRef = 0445DC6E2C8F3FFA00416527 /* MyListItemsHeaderView.swift */; };
		0445DC712C8F413000416527 /* MyListItemsView.swift in Sources */ = {isa = PBXBuildFile; fileRef = 0445DC702C8F413000416527 /* MyListItemsView.swift */; };
		0445DC732C8F428A00416527 /* MyListItemViewModel.swift in Sources */ = {isa = PBXBuildFile; fileRef = 0445DC722C8F428A00416527 /* MyListItemViewModel.swift */; };
		0445DC752C8F42FA00416527 /* DueDate.swift in Sources */ = {isa = PBXBuildFile; fileRef = 0445DC742C8F42FA00416527 /* DueDate.swift */; };
		0445DC782C8F432200416527 /* Date+Extensions.swift in Sources */ = {isa = PBXBuildFile; fileRef = 0445DC772C8F432200416527 /* Date+Extensions.swift */; };
		046D4E2E2C90806800D648D7 /* AddNewListItemView.swift in Sources */ = {isa = PBXBuildFile; fileRef = 046D4E2D2C90806800D648D7 /* AddNewListItemView.swift */; };
		046D4E302C90823E00D648D7 /* DueDateSelectionView.swift in Sources */ = {isa = PBXBuildFile; fileRef = 046D4E2F2C90823E00D648D7 /* DueDateSelectionView.swift */; };
		04A910E12C7C8C14007CB025 /* RemindersMacOSApp.swift in Sources */ = {isa = PBXBuildFile; fileRef = 04A910E02C7C8C14007CB025 /* RemindersMacOSApp.swift */; };
		04A910E52C7C8C16007CB025 /* Assets.xcassets in Resources */ = {isa = PBXBuildFile; fileRef = 04A910E42C7C8C16007CB025 /* Assets.xcassets */; };
		04A910E82C7C8C16007CB025 /* Preview Assets.xcassets in Resources */ = {isa = PBXBuildFile; fileRef = 04A910E72C7C8C16007CB025 /* Preview Assets.xcassets */; };
		04A910F12C7C8C2E007CB025 /* HomeScreen.swift in Sources */ = {isa = PBXBuildFile; fileRef = 04A910F02C7C8C2E007CB025 /* HomeScreen.swift */; };
		04A910F42C7C8C7B007CB025 /* SideBarView.swift in Sources */ = {isa = PBXBuildFile; fileRef = 04A910F32C7C8C7B007CB025 /* SideBarView.swift */; };
		04A910F72C7C8DAE007CB025 /* RemindersModel.xcdatamodeld in Sources */ = {isa = PBXBuildFile; fileRef = 04A910F52C7C8DAE007CB025 /* RemindersModel.xcdatamodeld */; };
		04A910FA2C7C8E84007CB025 /* MyList.swift in Sources */ = {isa = PBXBuildFile; fileRef = 04A910F92C7C8E84007CB025 /* MyList.swift */; };
		04A910FD2C7C9025007CB025 /* CoreDataManager.swift in Sources */ = {isa = PBXBuildFile; fileRef = 04A910FC2C7C9025007CB025 /* CoreDataManager.swift */; };
		04A911002C7C9163007CB025 /* AddNewListViewModel.swift in Sources */ = {isa = PBXBuildFile; fileRef = 04A910FF2C7C9163007CB025 /* AddNewListViewModel.swift */; };
		04A911022C7C91FE007CB025 /* BaseModel.swift in Sources */ = {isa = PBXBuildFile; fileRef = 04A911012C7C91FE007CB025 /* BaseModel.swift */; };
		04A911042C7C9354007CB025 /* AddNewListView.swift in Sources */ = {isa = PBXBuildFile; fileRef = 04A911032C7C9354007CB025 /* AddNewListView.swift */; };
		04A911062C7C9510007CB025 /* ColorListView.swift in Sources */ = {isa = PBXBuildFile; fileRef = 04A911052C7C9510007CB025 /* ColorListView.swift */; };
		04A911092C7C95F1007CB025 /* Constants.swift in Sources */ = {isa = PBXBuildFile; fileRef = 04A911082C7C95F1007CB025 /* Constants.swift */; };
		04A9110C2C7CBEBC007CB025 /* NSColorTransformer.swift in Sources */ = {isa = PBXBuildFile; fileRef = 04A9110B2C7CBEBC007CB025 /* NSColorTransformer.swift */; };
		04A9110E2C7CC220007CB025 /* MyListsViewModel.swift in Sources */ = {isa = PBXBuildFile; fileRef = 04A9110D2C7CC220007CB025 /* MyListsViewModel.swift */; };
		04A911102C7CC37D007CB025 /* MyListViewModel.swift in Sources */ = {isa = PBXBuildFile; fileRef = 04A9110F2C7CC37D007CB025 /* MyListViewModel.swift */; };
		04A911122C7CC55A007CB025 /* MyListsView.swift in Sources */ = {isa = PBXBuildFile; fileRef = 04A911112C7CC55A007CB025 /* MyListsView.swift */; };
/* End PBXBuildFile section */

/* Begin PBXFileReference section */
		0445DC6E2C8F3FFA00416527 /* MyListItemsHeaderView.swift */ = {isa = PBXFileReference; lastKnownFileType = sourcecode.swift; path = MyListItemsHeaderView.swift; sourceTree = "<group>"; };
		0445DC702C8F413000416527 /* MyListItemsView.swift */ = {isa = PBXFileReference; lastKnownFileType = sourcecode.swift; path = MyListItemsView.swift; sourceTree = "<group>"; };
		0445DC722C8F428A00416527 /* MyListItemViewModel.swift */ = {isa = PBXFileReference; lastKnownFileType = sourcecode.swift; path = MyListItemViewModel.swift; sourceTree = "<group>"; };
		0445DC742C8F42FA00416527 /* DueDate.swift */ = {isa = PBXFileReference; lastKnownFileType = sourcecode.swift; path = DueDate.swift; sourceTree = "<group>"; };
		0445DC772C8F432200416527 /* Date+Extensions.swift */ = {isa = PBXFileReference; lastKnownFileType = sourcecode.swift; path = "Date+Extensions.swift"; sourceTree = "<group>"; };
		046D4E2D2C90806800D648D7 /* AddNewListItemView.swift */ = {isa = PBXFileReference; lastKnownFileType = sourcecode.swift; path = AddNewListItemView.swift; sourceTree = "<group>"; };
		046D4E2F2C90823E00D648D7 /* DueDateSelectionView.swift */ = {isa = PBXFileReference; lastKnownFileType = sourcecode.swift; path = DueDateSelectionView.swift; sourceTree = "<group>"; };
		04A910DD2C7C8C14007CB025 /* RemindersMacOS.app */ = {isa = PBXFileReference; explicitFileType = wrapper.application; includeInIndex = 0; path = RemindersMacOS.app; sourceTree = BUILT_PRODUCTS_DIR; };
		04A910E02C7C8C14007CB025 /* RemindersMacOSApp.swift */ = {isa = PBXFileReference; lastKnownFileType = sourcecode.swift; path = RemindersMacOSApp.swift; sourceTree = "<group>"; };
		04A910E42C7C8C16007CB025 /* Assets.xcassets */ = {isa = PBXFileReference; lastKnownFileType = folder.assetcatalog; path = Assets.xcassets; sourceTree = "<group>"; };
		04A910E72C7C8C16007CB025 /* Preview Assets.xcassets */ = {isa = PBXFileReference; lastKnownFileType = folder.assetcatalog; path = "Preview Assets.xcassets"; sourceTree = "<group>"; };
		04A910E92C7C8C16007CB025 /* RemindersMacOS.entitlements */ = {isa = PBXFileReference; lastKnownFileType = text.plist.entitlements; path = RemindersMacOS.entitlements; sourceTree = "<group>"; };
		04A910F02C7C8C2E007CB025 /* HomeScreen.swift */ = {isa = PBXFileReference; lastKnownFileType = sourcecode.swift; path = HomeScreen.swift; sourceTree = "<group>"; };
		04A910F32C7C8C7B007CB025 /* SideBarView.swift */ = {isa = PBXFileReference; lastKnownFileType = sourcecode.swift; path = SideBarView.swift; sourceTree = "<group>"; };
		04A910F62C7C8DAE007CB025 /* RemindersModel.xcdatamodel */ = {isa = PBXFileReference; lastKnownFileType = wrapper.xcdatamodel; path = RemindersModel.xcdatamodel; sourceTree = "<group>"; };
		04A910F92C7C8E84007CB025 /* MyList.swift */ = {isa = PBXFileReference; lastKnownFileType = sourcecode.swift; path = MyList.swift; sourceTree = "<group>"; };
		04A910FC2C7C9025007CB025 /* CoreDataManager.swift */ = {isa = PBXFileReference; lastKnownFileType = sourcecode.swift; path = CoreDataManager.swift; sourceTree = "<group>"; };
		04A910FF2C7C9163007CB025 /* AddNewListViewModel.swift */ = {isa = PBXFileReference; lastKnownFileType = sourcecode.swift; path = AddNewListViewModel.swift; sourceTree = "<group>"; };
		04A911012C7C91FE007CB025 /* BaseModel.swift */ = {isa = PBXFileReference; lastKnownFileType = sourcecode.swift; path = BaseModel.swift; sourceTree = "<group>"; };
		04A911032C7C9354007CB025 /* AddNewListView.swift */ = {isa = PBXFileReference; lastKnownFileType = sourcecode.swift; path = AddNewListView.swift; sourceTree = "<group>"; };
		04A911052C7C9510007CB025 /* ColorListView.swift */ = {isa = PBXFileReference; lastKnownFileType = sourcecode.swift; path = ColorListView.swift; sourceTree = "<group>"; };
		04A911082C7C95F1007CB025 /* Constants.swift */ = {isa = PBXFileReference; lastKnownFileType = sourcecode.swift; path = Constants.swift; sourceTree = "<group>"; };
		04A9110B2C7CBEBC007CB025 /* NSColorTransformer.swift */ = {isa = PBXFileReference; lastKnownFileType = sourcecode.swift; path = NSColorTransformer.swift; sourceTree = "<group>"; };
		04A9110D2C7CC220007CB025 /* MyListsViewModel.swift */ = {isa = PBXFileReference; lastKnownFileType = sourcecode.swift; path = MyListsViewModel.swift; sourceTree = "<group>"; };
		04A9110F2C7CC37D007CB025 /* MyListViewModel.swift */ = {isa = PBXFileReference; lastKnownFileType = sourcecode.swift; path = MyListViewModel.swift; sourceTree = "<group>"; };
		04A911112C7CC55A007CB025 /* MyListsView.swift */ = {isa = PBXFileReference; lastKnownFileType = sourcecode.swift; path = MyListsView.swift; sourceTree = "<group>"; };
/* End PBXFileReference section */

/* Begin PBXFrameworksBuildPhase section */
		04A910DA2C7C8C14007CB025 /* Frameworks */ = {
			isa = PBXFrameworksBuildPhase;
			buildActionMask = 2147483647;
			files = (
			);
			runOnlyForDeploymentPostprocessing = 0;
		};
/* End PBXFrameworksBuildPhase section */

/* Begin PBXGroup section */
		0445DC762C8F431700416527 /* Extensions */ = {
			isa = PBXGroup;
			children = (
				0445DC772C8F432200416527 /* Date+Extensions.swift */,
			);
			path = Extensions;
			sourceTree = "<group>";
		};
		04A910D42C7C8C14007CB025 = {
			isa = PBXGroup;
			children = (
				04A910DF2C7C8C14007CB025 /* RemindersMacOS */,
				04A910DE2C7C8C14007CB025 /* Products */,
			);
			sourceTree = "<group>";
		};
		04A910DE2C7C8C14007CB025 /* Products */ = {
			isa = PBXGroup;
			children = (
				04A910DD2C7C8C14007CB025 /* RemindersMacOS.app */,
			);
			name = Products;
			sourceTree = "<group>";
		};
		04A910DF2C7C8C14007CB025 /* RemindersMacOS */ = {
			isa = PBXGroup;
			children = (
				0445DC762C8F431700416527 /* Extensions */,
				04A9110A2C7CBEAD007CB025 /* Transformers */,
				04A911072C7C95E3007CB025 /* Utils */,
				04A910FE2C7C9155007CB025 /* ViewModels */,
				04A910FB2C7C901A007CB025 /* Managers */,
				04A910F82C7C8E7A007CB025 /* Models */,
				04A910F22C7C8C6B007CB025 /* Views */,
				04A910EF2C7C8C23007CB025 /* Screens */,
				04A910E02C7C8C14007CB025 /* RemindersMacOSApp.swift */,
				04A910E42C7C8C16007CB025 /* Assets.xcassets */,
				04A910E92C7C8C16007CB025 /* RemindersMacOS.entitlements */,
				04A910E62C7C8C16007CB025 /* Preview Content */,
				04A910F52C7C8DAE007CB025 /* RemindersModel.xcdatamodeld */,
			);
			path = RemindersMacOS;
			sourceTree = "<group>";
		};
		04A910E62C7C8C16007CB025 /* Preview Content */ = {
			isa = PBXGroup;
			children = (
				04A910E72C7C8C16007CB025 /* Preview Assets.xcassets */,
			);
			path = "Preview Content";
			sourceTree = "<group>";
		};
		04A910EF2C7C8C23007CB025 /* Screens */ = {
			isa = PBXGroup;
			children = (
				04A910F02C7C8C2E007CB025 /* HomeScreen.swift */,
			);
			path = Screens;
			sourceTree = "<group>";
		};
		04A910F22C7C8C6B007CB025 /* Views */ = {
			isa = PBXGroup;
			children = (
				04A910F32C7C8C7B007CB025 /* SideBarView.swift */,
				04A911032C7C9354007CB025 /* AddNewListView.swift */,
				04A911052C7C9510007CB025 /* ColorListView.swift */,
				04A911112C7CC55A007CB025 /* MyListsView.swift */,
				0445DC702C8F413000416527 /* MyListItemsView.swift */,
				0445DC6E2C8F3FFA00416527 /* MyListItemsHeaderView.swift */,
				046D4E2D2C90806800D648D7 /* AddNewListItemView.swift */,
				046D4E2F2C90823E00D648D7 /* DueDateSelectionView.swift */,
			);
			path = Views;
			sourceTree = "<group>";
		};
		04A910F82C7C8E7A007CB025 /* Models */ = {
			isa = PBXGroup;
			children = (
				04A910F92C7C8E84007CB025 /* MyList.swift */,
				04A911012C7C91FE007CB025 /* BaseModel.swift */,
				0445DC742C8F42FA00416527 /* DueDate.swift */,
			);
			path = Models;
			sourceTree = "<group>";
		};
		04A910FB2C7C901A007CB025 /* Managers */ = {
			isa = PBXGroup;
			children = (
				04A910FC2C7C9025007CB025 /* CoreDataManager.swift */,
			);
			path = Managers;
			sourceTree = "<group>";
		};
		04A910FE2C7C9155007CB025 /* ViewModels */ = {
			isa = PBXGroup;
			children = (
				04A910FF2C7C9163007CB025 /* AddNewListViewModel.swift */,
				04A9110D2C7CC220007CB025 /* MyListsViewModel.swift */,
				04A9110F2C7CC37D007CB025 /* MyListViewModel.swift */,
				0445DC722C8F428A00416527 /* MyListItemViewModel.swift */,
			);
			path = ViewModels;
			sourceTree = "<group>";
		};
		04A911072C7C95E3007CB025 /* Utils */ = {
			isa = PBXGroup;
			children = (
				04A911082C7C95F1007CB025 /* Constants.swift */,
			);
			path = Utils;
			sourceTree = "<group>";
		};
		04A9110A2C7CBEAD007CB025 /* Transformers */ = {
			isa = PBXGroup;
			children = (
				04A9110B2C7CBEBC007CB025 /* NSColorTransformer.swift */,
			);
			path = Transformers;
			sourceTree = "<group>";
		};
/* End PBXGroup section */

/* Begin PBXNativeTarget section */
		04A910DC2C7C8C14007CB025 /* RemindersMacOS */ = {
			isa = PBXNativeTarget;
			buildConfigurationList = 04A910EC2C7C8C16007CB025 /* Build configuration list for PBXNativeTarget "RemindersMacOS" */;
			buildPhases = (
				04A910D92C7C8C14007CB025 /* Sources */,
				04A910DA2C7C8C14007CB025 /* Frameworks */,
				04A910DB2C7C8C14007CB025 /* Resources */,
			);
			buildRules = (
			);
			dependencies = (
			);
			name = RemindersMacOS;
			productName = RemindersMacOS;
			productReference = 04A910DD2C7C8C14007CB025 /* RemindersMacOS.app */;
			productType = "com.apple.product-type.application";
		};
/* End PBXNativeTarget section */

/* Begin PBXProject section */
		04A910D52C7C8C14007CB025 /* Project object */ = {
			isa = PBXProject;
			attributes = {
				BuildIndependentTargetsInParallel = 1;
				LastSwiftUpdateCheck = 1530;
				LastUpgradeCheck = 1530;
				TargetAttributes = {
					04A910DC2C7C8C14007CB025 = {
						CreatedOnToolsVersion = 15.3;
					};
				};
			};
			buildConfigurationList = 04A910D82C7C8C14007CB025 /* Build configuration list for PBXProject "RemindersMacOS" */;
			compatibilityVersion = "Xcode 14.0";
			developmentRegion = en;
			hasScannedForEncodings = 0;
			knownRegions = (
				en,
				Base,
			);
			mainGroup = 04A910D42C7C8C14007CB025;
			productRefGroup = 04A910DE2C7C8C14007CB025 /* Products */;
			projectDirPath = "";
			projectRoot = "";
			targets = (
				04A910DC2C7C8C14007CB025 /* RemindersMacOS */,
			);
		};
/* End PBXProject section */

/* Begin PBXResourcesBuildPhase section */
		04A910DB2C7C8C14007CB025 /* Resources */ = {
			isa = PBXResourcesBuildPhase;
			buildActionMask = 2147483647;
			files = (
				04A910E82C7C8C16007CB025 /* Preview Assets.xcassets in Resources */,
				04A910E52C7C8C16007CB025 /* Assets.xcassets in Resources */,
			);
			runOnlyForDeploymentPostprocessing = 0;
		};
/* End PBXResourcesBuildPhase section */

/* Begin PBXSourcesBuildPhase section */
		04A910D92C7C8C14007CB025 /* Sources */ = {
			isa = PBXSourcesBuildPhase;
			buildActionMask = 2147483647;
			files = (
				0445DC712C8F413000416527 /* MyListItemsView.swift in Sources */,
				04A9110E2C7CC220007CB025 /* MyListsViewModel.swift in Sources */,
				04A910FD2C7C9025007CB025 /* CoreDataManager.swift in Sources */,
				0445DC732C8F428A00416527 /* MyListItemViewModel.swift in Sources */,
				04A911102C7CC37D007CB025 /* MyListViewModel.swift in Sources */,
				04A911092C7C95F1007CB025 /* Constants.swift in Sources */,
				04A911002C7C9163007CB025 /* AddNewListViewModel.swift in Sources */,
				04A910F42C7C8C7B007CB025 /* SideBarView.swift in Sources */,
				046D4E302C90823E00D648D7 /* DueDateSelectionView.swift in Sources */,
				04A911042C7C9354007CB025 /* AddNewListView.swift in Sources */,
				04A911062C7C9510007CB025 /* ColorListView.swift in Sources */,
				04A910F72C7C8DAE007CB025 /* RemindersModel.xcdatamodeld in Sources */,
				04A910E12C7C8C14007CB025 /* RemindersMacOSApp.swift in Sources */,
				046D4E2E2C90806800D648D7 /* AddNewListItemView.swift in Sources */,
				04A910F12C7C8C2E007CB025 /* HomeScreen.swift in Sources */,
				0445DC782C8F432200416527 /* Date+Extensions.swift in Sources */,
				0445DC752C8F42FA00416527 /* DueDate.swift in Sources */,
				04A911122C7CC55A007CB025 /* MyListsView.swift in Sources */,
				04A911022C7C91FE007CB025 /* BaseModel.swift in Sources */,
				04A9110C2C7CBEBC007CB025 /* NSColorTransformer.swift in Sources */,
				0445DC6F2C8F3FFB00416527 /* MyListItemsHeaderView.swift in Sources */,
				04A910FA2C7C8E84007CB025 /* MyList.swift in Sources */,
			);
			runOnlyForDeploymentPostprocessing = 0;
		};
/* End PBXSourcesBuildPhase section */

/* Begin XCBuildConfiguration section */
		04A910EA2C7C8C16007CB025 /* Debug */ = {
			isa = XCBuildConfiguration;
			buildSettings = {
				ALWAYS_SEARCH_USER_PATHS = NO;
				ASSETCATALOG_COMPILER_GENERATE_SWIFT_ASSET_SYMBOL_EXTENSIONS = YES;
				CLANG_ANALYZER_NONNULL = YES;
				CLANG_ANALYZER_NUMBER_OBJECT_CONVERSION = YES_AGGRESSIVE;
				CLANG_CXX_LANGUAGE_STANDARD = "gnu++20";
				CLANG_ENABLE_MODULES = YES;
				CLANG_ENABLE_OBJC_ARC = YES;
				CLANG_ENABLE_OBJC_WEAK = YES;
				CLANG_WARN_BLOCK_CAPTURE_AUTORELEASING = YES;
				CLANG_WARN_BOOL_CONVERSION = YES;
				CLANG_WARN_COMMA = YES;
				CLANG_WARN_CONSTANT_CONVERSION = YES;
				CLANG_WARN_DEPRECATED_OBJC_IMPLEMENTATIONS = YES;
				CLANG_WARN_DIRECT_OBJC_ISA_USAGE = YES_ERROR;
				CLANG_WARN_DOCUMENTATION_COMMENTS = YES;
				CLANG_WARN_EMPTY_BODY = YES;
				CLANG_WARN_ENUM_CONVERSION = YES;
				CLANG_WARN_INFINITE_RECURSION = YES;
				CLANG_WARN_INT_CONVERSION = YES;
				CLANG_WARN_NON_LITERAL_NULL_CONVERSION = YES;
				CLANG_WARN_OBJC_IMPLICIT_RETAIN_SELF = YES;
				CLANG_WARN_OBJC_LITERAL_CONVERSION = YES;
				CLANG_WARN_OBJC_ROOT_CLASS = YES_ERROR;
				CLANG_WARN_QUOTED_INCLUDE_IN_FRAMEWORK_HEADER = YES;
				CLANG_WARN_RANGE_LOOP_ANALYSIS = YES;
				CLANG_WARN_STRICT_PROTOTYPES = YES;
				CLANG_WARN_SUSPICIOUS_MOVE = YES;
				CLANG_WARN_UNGUARDED_AVAILABILITY = YES_AGGRESSIVE;
				CLANG_WARN_UNREACHABLE_CODE = YES;
				CLANG_WARN__DUPLICATE_METHOD_MATCH = YES;
				COPY_PHASE_STRIP = NO;
				DEBUG_INFORMATION_FORMAT = dwarf;
				ENABLE_STRICT_OBJC_MSGSEND = YES;
				ENABLE_TESTABILITY = YES;
				ENABLE_USER_SCRIPT_SANDBOXING = YES;
				GCC_C_LANGUAGE_STANDARD = gnu17;
				GCC_DYNAMIC_NO_PIC = NO;
				GCC_NO_COMMON_BLOCKS = YES;
				GCC_OPTIMIZATION_LEVEL = 0;
				GCC_PREPROCESSOR_DEFINITIONS = (
					"DEBUG=1",
					"$(inherited)",
				);
				GCC_WARN_64_TO_32_BIT_CONVERSION = YES;
				GCC_WARN_ABOUT_RETURN_TYPE = YES_ERROR;
				GCC_WARN_UNDECLARED_SELECTOR = YES;
				GCC_WARN_UNINITIALIZED_AUTOS = YES_AGGRESSIVE;
				GCC_WARN_UNUSED_FUNCTION = YES;
				GCC_WARN_UNUSED_VARIABLE = YES;
				LOCALIZATION_PREFERS_STRING_CATALOGS = YES;
				MACOSX_DEPLOYMENT_TARGET = 14.4;
				MTL_ENABLE_DEBUG_INFO = INCLUDE_SOURCE;
				MTL_FAST_MATH = YES;
				ONLY_ACTIVE_ARCH = YES;
				SDKROOT = macosx;
				SWIFT_ACTIVE_COMPILATION_CONDITIONS = "DEBUG $(inherited)";
				SWIFT_OPTIMIZATION_LEVEL = "-Onone";
			};
			name = Debug;
		};
		04A910EB2C7C8C16007CB025 /* Release */ = {
			isa = XCBuildConfiguration;
			buildSettings = {
				ALWAYS_SEARCH_USER_PATHS = NO;
				ASSETCATALOG_COMPILER_GENERATE_SWIFT_ASSET_SYMBOL_EXTENSIONS = YES;
				CLANG_ANALYZER_NONNULL = YES;
				CLANG_ANALYZER_NUMBER_OBJECT_CONVERSION = YES_AGGRESSIVE;
				CLANG_CXX_LANGUAGE_STANDARD = "gnu++20";
				CLANG_ENABLE_MODULES = YES;
				CLANG_ENABLE_OBJC_ARC = YES;
				CLANG_ENABLE_OBJC_WEAK = YES;
				CLANG_WARN_BLOCK_CAPTURE_AUTORELEASING = YES;
				CLANG_WARN_BOOL_CONVERSION = YES;
				CLANG_WARN_COMMA = YES;
				CLANG_WARN_CONSTANT_CONVERSION = YES;
				CLANG_WARN_DEPRECATED_OBJC_IMPLEMENTATIONS = YES;
				CLANG_WARN_DIRECT_OBJC_ISA_USAGE = YES_ERROR;
				CLANG_WARN_DOCUMENTATION_COMMENTS = YES;
				CLANG_WARN_EMPTY_BODY = YES;
				CLANG_WARN_ENUM_CONVERSION = YES;
				CLANG_WARN_INFINITE_RECURSION = YES;
				CLANG_WARN_INT_CONVERSION = YES;
				CLANG_WARN_NON_LITERAL_NULL_CONVERSION = YES;
				CLANG_WARN_OBJC_IMPLICIT_RETAIN_SELF = YES;
				CLANG_WARN_OBJC_LITERAL_CONVERSION = YES;
				CLANG_WARN_OBJC_ROOT_CLASS = YES_ERROR;
				CLANG_WARN_QUOTED_INCLUDE_IN_FRAMEWORK_HEADER = YES;
				CLANG_WARN_RANGE_LOOP_ANALYSIS = YES;
				CLANG_WARN_STRICT_PROTOTYPES = YES;
				CLANG_WARN_SUSPICIOUS_MOVE = YES;
				CLANG_WARN_UNGUARDED_AVAILABILITY = YES_AGGRESSIVE;
				CLANG_WARN_UNREACHABLE_CODE = YES;
				CLANG_WARN__DUPLICATE_METHOD_MATCH = YES;
				COPY_PHASE_STRIP = NO;
				DEBUG_INFORMATION_FORMAT = "dwarf-with-dsym";
				ENABLE_NS_ASSERTIONS = NO;
				ENABLE_STRICT_OBJC_MSGSEND = YES;
				ENABLE_USER_SCRIPT_SANDBOXING = YES;
				GCC_C_LANGUAGE_STANDARD = gnu17;
				GCC_NO_COMMON_BLOCKS = YES;
				GCC_WARN_64_TO_32_BIT_CONVERSION = YES;
				GCC_WARN_ABOUT_RETURN_TYPE = YES_ERROR;
				GCC_WARN_UNDECLARED_SELECTOR = YES;
				GCC_WARN_UNINITIALIZED_AUTOS = YES_AGGRESSIVE;
				GCC_WARN_UNUSED_FUNCTION = YES;
				GCC_WARN_UNUSED_VARIABLE = YES;
				LOCALIZATION_PREFERS_STRING_CATALOGS = YES;
				MACOSX_DEPLOYMENT_TARGET = 14.4;
				MTL_ENABLE_DEBUG_INFO = NO;
				MTL_FAST_MATH = YES;
				SDKROOT = macosx;
				SWIFT_COMPILATION_MODE = wholemodule;
			};
			name = Release;
		};
		04A910ED2C7C8C16007CB025 /* Debug */ = {
			isa = XCBuildConfiguration;
			buildSettings = {
				ASSETCATALOG_COMPILER_APPICON_NAME = AppIcon;
				ASSETCATALOG_COMPILER_GLOBAL_ACCENT_COLOR_NAME = AccentColor;
				CODE_SIGN_ENTITLEMENTS = RemindersMacOS/RemindersMacOS.entitlements;
				CODE_SIGN_STYLE = Automatic;
				COMBINE_HIDPI_IMAGES = YES;
				CURRENT_PROJECT_VERSION = 1;
				DEVELOPMENT_ASSET_PATHS = "\"RemindersMacOS/Preview Content\"";
				DEVELOPMENT_TEAM = TZALL639VQ;
				ENABLE_HARDENED_RUNTIME = YES;
				ENABLE_PREVIEWS = YES;
				GENERATE_INFOPLIST_FILE = YES;
				INFOPLIST_KEY_NSHumanReadableCopyright = "";
				LD_RUNPATH_SEARCH_PATHS = (
					"$(inherited)",
					"@executable_path/../Frameworks",
				);
				MARKETING_VERSION = 1.0;
				PRODUCT_BUNDLE_IDENTIFIER = com.HJf.RemindersMacOS;
				PRODUCT_NAME = "$(TARGET_NAME)";
				SWIFT_EMIT_LOC_STRINGS = YES;
				SWIFT_VERSION = 5.0;
			};
			name = Debug;
		};
		04A910EE2C7C8C16007CB025 /* Release */ = {
			isa = XCBuildConfiguration;
			buildSettings = {
				ASSETCATALOG_COMPILER_APPICON_NAME = AppIcon;
				ASSETCATALOG_COMPILER_GLOBAL_ACCENT_COLOR_NAME = AccentColor;
				CODE_SIGN_ENTITLEMENTS = RemindersMacOS/RemindersMacOS.entitlements;
				CODE_SIGN_STYLE = Automatic;
				COMBINE_HIDPI_IMAGES = YES;
				CURRENT_PROJECT_VERSION = 1;
				DEVELOPMENT_ASSET_PATHS = "\"RemindersMacOS/Preview Content\"";
				DEVELOPMENT_TEAM = TZALL639VQ;
				ENABLE_HARDENED_RUNTIME = YES;
				ENABLE_PREVIEWS = YES;
				GENERATE_INFOPLIST_FILE = YES;
				INFOPLIST_KEY_NSHumanReadableCopyright = "";
				LD_RUNPATH_SEARCH_PATHS = (
					"$(inherited)",
					"@executable_path/../Frameworks",
				);
				MARKETING_VERSION = 1.0;
				PRODUCT_BUNDLE_IDENTIFIER = com.HJf.RemindersMacOS;
				PRODUCT_NAME = "$(TARGET_NAME)";
				SWIFT_EMIT_LOC_STRINGS = YES;
				SWIFT_VERSION = 5.0;
			};
			name = Release;
		};
/* End XCBuildConfiguration section */

/* Begin XCConfigurationList section */
		04A910D82C7C8C14007CB025 /* Build configuration list for PBXProject "RemindersMacOS" */ = {
			isa = XCConfigurationList;
			buildConfigurations = (
				04A910EA2C7C8C16007CB025 /* Debug */,
				04A910EB2C7C8C16007CB025 /* Release */,
			);
			defaultConfigurationIsVisible = 0;
			defaultConfigurationName = Release;
		};
		04A910EC2C7C8C16007CB025 /* Build configuration list for PBXNativeTarget "RemindersMacOS" */ = {
			isa = XCConfigurationList;
			buildConfigurations = (
				04A910ED2C7C8C16007CB025 /* Debug */,
				04A910EE2C7C8C16007CB025 /* Release */,
			);
			defaultConfigurationIsVisible = 0;
			defaultConfigurationName = Release;
		};
/* End XCConfigurationList section */

/* Begin XCVersionGroup section */
		04A910F52C7C8DAE007CB025 /* RemindersModel.xcdatamodeld */ = {
			isa = XCVersionGroup;
			children = (
				04A910F62C7C8DAE007CB025 /* RemindersModel.xcdatamodel */,
			);
			currentVersion = 04A910F62C7C8DAE007CB025 /* RemindersModel.xcdatamodel */;
			name = RemindersModel.xcdatamodeld;
			path = "/Users/MAC/xcode/xcode/swiftui-course/RemindersMacOS/RemindersMacOS/RemindersMacOS/RemindersModel.xcdatamodeld";
			sourceTree = "<group>";
			versionGroupType = wrapper.xcdatamodel;
		};
/* End XCVersionGroup section */
	};
	rootObject = 04A910D52C7C8C14007CB025 /* Project object */;
}
